
Microsoft Visual Studio Solution File, Format Version 12.00
# Visual Studio Version 17
VisualStudioVersion = 17.8.34525.116
MinimumVisualStudioVersion = 10.0.40219.1
Project("{FAE04EC0-301F-11D3-BF4B-00C04F79EFBC}") = "ListsGenericsDemo", "ListsGenericsDemo\ListsGenericsDemo.csproj", "{A03F9532-86CF-4894-95CB-F004C267DEFA}"
EndProject
Global
	GlobalSection(SolutionConfigurationPlatforms) = preSolution
		Debug|Any CPU = Debug|Any CPU
		Release|Any CPU = Release|Any CPU
	EndGlobalSection
	GlobalSection(ProjectConfigurationPlatforms) = postSolution
		{A03F9532-86CF-4894-95CB-F004C267DEFA}.Debug|Any CPU.ActiveCfg = Debug|Any CPU
		{A03F9532-86CF-4894-95CB-F004C267DEFA}.Debug|Any CPU.Build.0 = Debug|Any CPU
		{A03F9532-86CF-4894-95CB-F004C267DEFA}.Release|Any CPU.ActiveCfg = Release|Any CPU
		{A03F9532-86CF-4894-95CB-F004C267DEFA}.Release|Any CPU.Build.0 = Release|Any CPU
	EndGlobalSection
	GlobalSection(SolutionProperties) = preSolution
		HideSolutionNode = FALSE
	EndGlobalSection
	GlobalSection(ExtensibilityGlobals) = postSolution
		SolutionGuid = {B49A934C-A403-4A30-BF72-75E77D749A6E}
	EndGlobalSection
EndGlobal
