
Microsoft Visual Studio Solution File, Format Version 12.00
# Visual Studio Version 17
VisualStudioVersion = 17.8.34525.116
MinimumVisualStudioVersion = 10.0.40219.1
Project("{FAE04EC0-301F-11D3-BF4B-00C04F79EFBC}") = "Ch20EntityFrameworkCorePrep", "Ch20EntityFrameworkCorePrep\Ch20EntityFrameworkCorePrep.csproj", "{DC28D094-CD39-4A96-8D1D-81EF4FB01D3E}"
EndProject
Global
	GlobalSection(SolutionConfigurationPlatforms) = preSolution
		Debug|Any CPU = Debug|Any CPU
		Release|Any CPU = Release|Any CPU
	EndGlobalSection
	GlobalSection(ProjectConfigurationPlatforms) = postSolution
		{DC28D094-CD39-4A96-8D1D-81EF4FB01D3E}.Debug|Any CPU.ActiveCfg = Debug|Any CPU
		{DC28D094-CD39-4A96-8D1D-81EF4FB01D3E}.Debug|Any CPU.Build.0 = Debug|Any CPU
		{DC28D094-CD39-4A96-8D1D-81EF4FB01D3E}.Release|Any CPU.ActiveCfg = Release|Any CPU
		{DC28D094-CD39-4A96-8D1D-81EF4FB01D3E}.Release|Any CPU.Build.0 = Release|Any CPU
	EndGlobalSection
	GlobalSection(SolutionProperties) = preSolution
		HideSolutionNode = FALSE
	EndGlobalSection
	GlobalSection(ExtensibilityGlobals) = postSolution
		SolutionGuid = {B8E52333-C49A-457C-8815-F4CBCA00DF77}
	EndGlobalSection
EndGlobal
