
Microsoft Visual Studio Solution File, Format Version 12.00
# Visual Studio Version 17
VisualStudioVersion = 17.8.34525.116
MinimumVisualStudioVersion = 10.0.40219.1
Project("{FAE04EC0-301F-11D3-BF4B-00C04F79EFBC}") = "StringBuilderDemo", "StringBuilderDemo\StringBuilderDemo.csproj", "{757FDD7C-3138-474E-87A7-F408FB670204}"
EndProject
Global
	GlobalSection(SolutionConfigurationPlatforms) = preSolution
		Debug|Any CPU = Debug|Any CPU
		Release|Any CPU = Release|Any CPU
	EndGlobalSection
	GlobalSection(ProjectConfigurationPlatforms) = postSolution
		{757FDD7C-3138-474E-87A7-F408FB670204}.Debug|Any CPU.ActiveCfg = Debug|Any CPU
		{757FDD7C-3138-474E-87A7-F408FB670204}.Debug|Any CPU.Build.0 = Debug|Any CPU
		{757FDD7C-3138-474E-87A7-F408FB670204}.Release|Any CPU.ActiveCfg = Release|Any CPU
		{757FDD7C-3138-474E-87A7-F408FB670204}.Release|Any CPU.Build.0 = Release|Any CPU
	EndGlobalSection
	GlobalSection(SolutionProperties) = preSolution
		HideSolutionNode = FALSE
	EndGlobalSection
	GlobalSection(ExtensibilityGlobals) = postSolution
		SolutionGuid = {00F47A2E-5A27-4461-A6E4-E65F6ED05F28}
	EndGlobalSection
EndGlobal
