
Microsoft Visual Studio Solution File, Format Version 12.00
# Visual Studio Version 17
VisualStudioVersion = 17.8.34525.116
MinimumVisualStudioVersion = 10.0.40219.1
Project("{FAE04EC0-301F-11D3-BF4B-00C04F79EFBC}") = "Proj15-02-Wizard-Inventory", "Proj15-02-Wizard-Inventory\Proj15-02-Wizard-Inventory.csproj", "{B051218F-4EFD-46E7-8181-22B07846C1BF}"
EndProject
Global
	GlobalSection(SolutionConfigurationPlatforms) = preSolution
		Debug|Any CPU = Debug|Any CPU
		Release|Any CPU = Release|Any CPU
	EndGlobalSection
	GlobalSection(ProjectConfigurationPlatforms) = postSolution
		{B051218F-4EFD-46E7-8181-22B07846C1BF}.Debug|Any CPU.ActiveCfg = Debug|Any CPU
		{B051218F-4EFD-46E7-8181-22B07846C1BF}.Debug|Any CPU.Build.0 = Debug|Any CPU
		{B051218F-4EFD-46E7-8181-22B07846C1BF}.Release|Any CPU.ActiveCfg = Release|Any CPU
		{B051218F-4EFD-46E7-8181-22B07846C1BF}.Release|Any CPU.Build.0 = Release|Any CPU
	EndGlobalSection
	GlobalSection(SolutionProperties) = preSolution
		HideSolutionNode = FALSE
	EndGlobalSection
	GlobalSection(ExtensibilityGlobals) = postSolution
		SolutionGuid = {969C7ACD-903F-412E-9462-B6020D65EEFF}
	EndGlobalSection
EndGlobal
