
Microsoft Visual Studio Solution File, Format Version 12.00
# Visual Studio Version 17
VisualStudioVersion = 17.8.34525.116
MinimumVisualStudioVersion = 10.0.40219.1
Project("{FAE04EC0-301F-11D3-BF4B-00C04F79EFBC}") = "HangmanConsole", "HangmanConsole\HangmanConsole.csproj", "{94BAE267-E55A-4027-8A17-14D0007AB847}"
EndProject
Global
	GlobalSection(SolutionConfigurationPlatforms) = preSolution
		Debug|Any CPU = Debug|Any CPU
		Release|Any CPU = Release|Any CPU
	EndGlobalSection
	GlobalSection(ProjectConfigurationPlatforms) = postSolution
		{94BAE267-E55A-4027-8A17-14D0007AB847}.Debug|Any CPU.ActiveCfg = Debug|Any CPU
		{94BAE267-E55A-4027-8A17-14D0007AB847}.Debug|Any CPU.Build.0 = Debug|Any CPU
		{94BAE267-E55A-4027-8A17-14D0007AB847}.Release|Any CPU.ActiveCfg = Release|Any CPU
		{94BAE267-E55A-4027-8A17-14D0007AB847}.Release|Any CPU.Build.0 = Release|Any CPU
	EndGlobalSection
	GlobalSection(SolutionProperties) = preSolution
		HideSolutionNode = FALSE
	EndGlobalSection
	GlobalSection(ExtensibilityGlobals) = postSolution
		SolutionGuid = {AD04D333-91EE-4446-8A06-ACBDC2CE6345}
	EndGlobalSection
EndGlobal
