
Microsoft Visual Studio Solution File, Format Version 12.00
# Visual Studio Version 17
VisualStudioVersion = 17.8.34525.116
MinimumVisualStudioVersion = 10.0.40219.1
Project("{FAE04EC0-301F-11D3-BF4B-00C04F79EFBC}") = "Chal02Arrowhead", "Chal02Arrowhead\Chal02Arrowhead.csproj", "{239F3B6F-5EF8-49BD-9310-EF52C75A19D5}"
EndProject
Global
	GlobalSection(SolutionConfigurationPlatforms) = preSolution
		Debug|Any CPU = Debug|Any CPU
		Release|Any CPU = Release|Any CPU
	EndGlobalSection
	GlobalSection(ProjectConfigurationPlatforms) = postSolution
		{239F3B6F-5EF8-49BD-9310-EF52C75A19D5}.Debug|Any CPU.ActiveCfg = Debug|Any CPU
		{239F3B6F-5EF8-49BD-9310-EF52C75A19D5}.Debug|Any CPU.Build.0 = Debug|Any CPU
		{239F3B6F-5EF8-49BD-9310-EF52C75A19D5}.Release|Any CPU.ActiveCfg = Release|Any CPU
		{239F3B6F-5EF8-49BD-9310-EF52C75A19D5}.Release|Any CPU.Build.0 = Release|Any CPU
	EndGlobalSection
	GlobalSection(SolutionProperties) = preSolution
		HideSolutionNode = FALSE
	EndGlobalSection
	GlobalSection(ExtensibilityGlobals) = postSolution
		SolutionGuid = {B1585A91-FDEF-4EDB-8A10-0A571548D2C6}
	EndGlobalSection
EndGlobal
