
Microsoft Visual Studio Solution File, Format Version 12.00
# Visual Studio Version 17
VisualStudioVersion = 17.8.34525.116
MinimumVisualStudioVersion = 10.0.40219.1
Project("{FAE04EC0-301F-11D3-BF4B-00C04F79EFBC}") = "Proj08MoviesArray", "Proj08MoviesArray\Proj08MoviesArray.csproj", "{ADC08582-847C-45DB-9674-EC037BFC0E35}"
EndProject
Global
	GlobalSection(SolutionConfigurationPlatforms) = preSolution
		Debug|Any CPU = Debug|Any CPU
		Release|Any CPU = Release|Any CPU
	EndGlobalSection
	GlobalSection(ProjectConfigurationPlatforms) = postSolution
		{ADC08582-847C-45DB-9674-EC037BFC0E35}.Debug|Any CPU.ActiveCfg = Debug|Any CPU
		{ADC08582-847C-45DB-9674-EC037BFC0E35}.Debug|Any CPU.Build.0 = Debug|Any CPU
		{ADC08582-847C-45DB-9674-EC037BFC0E35}.Release|Any CPU.ActiveCfg = Release|Any CPU
		{ADC08582-847C-45DB-9674-EC037BFC0E35}.Release|Any CPU.Build.0 = Release|Any CPU
	EndGlobalSection
	GlobalSection(SolutionProperties) = preSolution
		HideSolutionNode = FALSE
	EndGlobalSection
	GlobalSection(ExtensibilityGlobals) = postSolution
		SolutionGuid = {820EF295-7A2B-4B88-80E1-6591DE2E5392}
	EndGlobalSection
EndGlobal
