
Microsoft Visual Studio Solution File, Format Version 12.00
# Visual Studio Version 17
VisualStudioVersion = 17.8.34525.116
MinimumVisualStudioVersion = 10.0.40219.1
Project("{FAE04EC0-301F-11D3-BF4B-00C04F79EFBC}") = "WheelOfFortuneConsole", "WheelOfFortuneConsole\WheelOfFortuneConsole.csproj", "{65FC4336-82AC-4F5F-A166-AE2EF8E74368}"
EndProject
Global
	GlobalSection(SolutionConfigurationPlatforms) = preSolution
		Debug|Any CPU = Debug|Any CPU
		Release|Any CPU = Release|Any CPU
	EndGlobalSection
	GlobalSection(ProjectConfigurationPlatforms) = postSolution
		{65FC4336-82AC-4F5F-A166-AE2EF8E74368}.Debug|Any CPU.ActiveCfg = Debug|Any CPU
		{65FC4336-82AC-4F5F-A166-AE2EF8E74368}.Debug|Any CPU.Build.0 = Debug|Any CPU
		{65FC4336-82AC-4F5F-A166-AE2EF8E74368}.Release|Any CPU.ActiveCfg = Release|Any CPU
		{65FC4336-82AC-4F5F-A166-AE2EF8E74368}.Release|Any CPU.Build.0 = Release|Any CPU
	EndGlobalSection
	GlobalSection(SolutionProperties) = preSolution
		HideSolutionNode = FALSE
	EndGlobalSection
	GlobalSection(ExtensibilityGlobals) = postSolution
		SolutionGuid = {9295400E-683D-40C5-92CD-BD4609894151}
	EndGlobalSection
EndGlobal
