
Microsoft Visual Studio Solution File, Format Version 12.00
# Visual Studio Version 17
VisualStudioVersion = 17.8.34525.116
MinimumVisualStudioVersion = 10.0.40219.1
Project("{9A19103F-16F7-4668-BE54-9A1E7A4F7556}") = "ProductManagerFileIOv2", "ProductManagerFileIO\ProductManagerFileIOv2.csproj", "{6B176BB9-9B21-416C-AB9D-CB69D1A5E30E}"
EndProject
Global
	GlobalSection(SolutionConfigurationPlatforms) = preSolution
		Debug|Any CPU = Debug|Any CPU
		Release|Any CPU = Release|Any CPU
	EndGlobalSection
	GlobalSection(ProjectConfigurationPlatforms) = postSolution
		{6B176BB9-9B21-416C-AB9D-CB69D1A5E30E}.Debug|Any CPU.ActiveCfg = Debug|Any CPU
		{6B176BB9-9B21-416C-AB9D-CB69D1A5E30E}.Debug|Any CPU.Build.0 = Debug|Any CPU
		{6B176BB9-9B21-416C-AB9D-CB69D1A5E30E}.Release|Any CPU.ActiveCfg = Release|Any CPU
		{6B176BB9-9B21-416C-AB9D-CB69D1A5E30E}.Release|Any CPU.Build.0 = Release|Any CPU
	EndGlobalSection
	GlobalSection(SolutionProperties) = preSolution
		HideSolutionNode = FALSE
	EndGlobalSection
	GlobalSection(ExtensibilityGlobals) = postSolution
		SolutionGuid = {EDA0B764-0703-4DB7-8D61-FF76792DB8D7}
	EndGlobalSection
EndGlobal
