
Microsoft Visual Studio Solution File, Format Version 12.00
# Visual Studio Version 17
VisualStudioVersion = 17.8.34525.116
MinimumVisualStudioVersion = 10.0.40219.1
Project("{FAE04EC0-301F-11D3-BF4B-00C04F79EFBC}") = "Chal09StringSplosion", "Chal09StringSplosion\Chal09StringSplosion.csproj", "{BE4EA1D0-0845-4D74-B14B-7A2E87EC3990}"
EndProject
Global
	GlobalSection(SolutionConfigurationPlatforms) = preSolution
		Debug|Any CPU = Debug|Any CPU
		Release|Any CPU = Release|Any CPU
	EndGlobalSection
	GlobalSection(ProjectConfigurationPlatforms) = postSolution
		{BE4EA1D0-0845-4D74-B14B-7A2E87EC3990}.Debug|Any CPU.ActiveCfg = Debug|Any CPU
		{BE4EA1D0-0845-4D74-B14B-7A2E87EC3990}.Debug|Any CPU.Build.0 = Debug|Any CPU
		{BE4EA1D0-0845-4D74-B14B-7A2E87EC3990}.Release|Any CPU.ActiveCfg = Release|Any CPU
		{BE4EA1D0-0845-4D74-B14B-7A2E87EC3990}.Release|Any CPU.Build.0 = Release|Any CPU
	EndGlobalSection
	GlobalSection(SolutionProperties) = preSolution
		HideSolutionNode = FALSE
	EndGlobalSection
	GlobalSection(ExtensibilityGlobals) = postSolution
		SolutionGuid = {13E8A034-29A2-4450-ADF8-36CFF57BD3B5}
	EndGlobalSection
EndGlobal
