
Microsoft Visual Studio Solution File, Format Version 12.00
# Visual Studio Version 17
VisualStudioVersion = 17.8.34525.116
MinimumVisualStudioVersion = 10.0.40219.1
Project("{FAE04EC0-301F-11D3-BF4B-00C04F79EFBC}") = "Proj0404CommonDivisor", "Proj0404CommonDivisor\Proj0404CommonDivisor.csproj", "{6E2835F5-D0FB-4A81-8602-93A13E378325}"
EndProject
Global
	GlobalSection(SolutionConfigurationPlatforms) = preSolution
		Debug|Any CPU = Debug|Any CPU
		Release|Any CPU = Release|Any CPU
	EndGlobalSection
	GlobalSection(ProjectConfigurationPlatforms) = postSolution
		{6E2835F5-D0FB-4A81-8602-93A13E378325}.Debug|Any CPU.ActiveCfg = Debug|Any CPU
		{6E2835F5-D0FB-4A81-8602-93A13E378325}.Debug|Any CPU.Build.0 = Debug|Any CPU
		{6E2835F5-D0FB-4A81-8602-93A13E378325}.Release|Any CPU.ActiveCfg = Release|Any CPU
		{6E2835F5-D0FB-4A81-8602-93A13E378325}.Release|Any CPU.Build.0 = Release|Any CPU
	EndGlobalSection
	GlobalSection(SolutionProperties) = preSolution
		HideSolutionNode = FALSE
	EndGlobalSection
	GlobalSection(ExtensibilityGlobals) = postSolution
		SolutionGuid = {2672A08B-7407-4454-983D-7B9BFCC6AC44}
	EndGlobalSection
EndGlobal
