
Microsoft Visual Studio Solution File, Format Version 12.00
# Visual Studio Version 17
VisualStudioVersion = 17.8.34525.116
MinimumVisualStudioVersion = 10.0.40219.1
Project("{FAE04EC0-301F-11D3-BF4B-00C04F79EFBC}") = "Ch05Demos", "Ch05Demos\Ch05Demos.csproj", "{D3B7D721-51C1-4FE4-B57D-D11DF5C65BBC}"
EndProject
Global
	GlobalSection(SolutionConfigurationPlatforms) = preSolution
		Debug|Any CPU = Debug|Any CPU
		Release|Any CPU = Release|Any CPU
	EndGlobalSection
	GlobalSection(ProjectConfigurationPlatforms) = postSolution
		{D3B7D721-51C1-4FE4-B57D-D11DF5C65BBC}.Debug|Any CPU.ActiveCfg = Debug|Any CPU
		{D3B7D721-51C1-4FE4-B57D-D11DF5C65BBC}.Debug|Any CPU.Build.0 = Debug|Any CPU
		{D3B7D721-51C1-4FE4-B57D-D11DF5C65BBC}.Release|Any CPU.ActiveCfg = Release|Any CPU
		{D3B7D721-51C1-4FE4-B57D-D11DF5C65BBC}.Release|Any CPU.Build.0 = Release|Any CPU
	EndGlobalSection
	GlobalSection(SolutionProperties) = preSolution
		HideSolutionNode = FALSE
	EndGlobalSection
	GlobalSection(ExtensibilityGlobals) = postSolution
		SolutionGuid = {04FB60E1-BFEA-43D1-B1E8-03F0C44AC1A3}
	EndGlobalSection
EndGlobal
