
Microsoft Visual Studio Solution File, Format Version 12.00
# Visual Studio Version 17
VisualStudioVersion = 17.8.34525.116
MinimumVisualStudioVersion = 10.0.40219.1
Project("{FAE04EC0-301F-11D3-BF4B-00C04F79EFBC}") = "ReplaceCharsInString", "ReplaceCharsInString\ReplaceCharsInString.csproj", "{E5117F81-47D7-40E1-A3B5-2CF96C751374}"
EndProject
Global
	GlobalSection(SolutionConfigurationPlatforms) = preSolution
		Debug|Any CPU = Debug|Any CPU
		Release|Any CPU = Release|Any CPU
	EndGlobalSection
	GlobalSection(ProjectConfigurationPlatforms) = postSolution
		{E5117F81-47D7-40E1-A3B5-2CF96C751374}.Debug|Any CPU.ActiveCfg = Debug|Any CPU
		{E5117F81-47D7-40E1-A3B5-2CF96C751374}.Debug|Any CPU.Build.0 = Debug|Any CPU
		{E5117F81-47D7-40E1-A3B5-2CF96C751374}.Release|Any CPU.ActiveCfg = Release|Any CPU
		{E5117F81-47D7-40E1-A3B5-2CF96C751374}.Release|Any CPU.Build.0 = Release|Any CPU
	EndGlobalSection
	GlobalSection(SolutionProperties) = preSolution
		HideSolutionNode = FALSE
	EndGlobalSection
	GlobalSection(ExtensibilityGlobals) = postSolution
		SolutionGuid = {1D2A6BA6-E405-4834-8F95-706E2AEFB962}
	EndGlobalSection
EndGlobal
